[[package]]
category = "dev"
description = "A database migration tool for SQLAlchemy."
name = "alembic"
optional = false
platform = "*"
python-versions = ">=2.7, !=3.0.*, !=3.1.*, !=3.2.*, !=3.3.*"
version = "1.0.0"

[package.dependencies]
Mako = "*"
SQLAlchemy = ">=0.9.0"
python-dateutil = "*"
python-editor = ">=0.3"

[[package]]
category = "dev"
description = "Disable App Nap on OS X 10.9"
name = "appnope"
optional = false
platform = "UNKNOWN"
python-versions = "*"
version = "0.1.0"

[package.requirements]
platform = "darwin"

[[package]]
category = "dev"
description = "Specifications for callback functions passed in to an API"
name = "backcall"
optional = false
platform = "UNKNOWN"
python-versions = "*"
version = "0.1.0"

[[package]]
category = "dev"
description = "Backport of shutil.which from Python 3.3"
name = "backports.shutil-which"
optional = false
platform = "UNKNOWN"
python-versions = "*"
version = "3.5.1"

[package.requirements]
python = "<3.0"

[[package]]
category = "dev"
description = "An easy safelist-based HTML-sanitizing tool."
name = "bleach"
optional = false
platform = "*"
python-versions = ">=2.7, !=3.0.*, !=3.1.*, !=3.2.*, !=3.3.*"
version = "2.1.4"

[package.dependencies]
html5lib = ">=0.99999999pre,<1.0b1 || >1.0b1,<1.0b2 || >1.0b2,<1.0b3 || >1.0b3,<1.0b4 || >1.0b4,<1.0b5 || >1.0b5,<1.0b6 || >1.0b6,<1.0b7 || >1.0b7,<1.0b8 || >1.0b8"
six = "*"

[[package]]
category = "main"
description = "A simple wrapper around optparse for powerful command line utilities."
name = "click"
optional = false
platform = "*"
python-versions = "*"
version = "6.7"

[[package]]
category = "dev"
description = "Cross-platform colored terminal text."
name = "colorama"
optional = false
platform = "UNKNOWN"
python-versions = "*"
version = "0.3.9"

[package.requirements]
platform = "win32"

[[package]]
category = "dev"
description = "This library brings the updated configparser from Python 3.5 to Python 2.6-3.5."
name = "configparser"
optional = false
platform = "any"
python-versions = "*"
version = "3.5.0"

[package.requirements]
python = ">=2.7,<2.8"

[[package]]
category = "dev"
description = "Better living through Python with decorators"
name = "decorator"
optional = false
platform = "All"
python-versions = "*"
version = "4.3.0"

[[package]]
category = "dev"
description = "XML bomb protection for Python stdlib modules"
name = "defusedxml"
optional = false
platform = "all"
python-versions = "*"
version = "0.5.0"

[[package]]
category = "dev"
description = "Discover and load entry points from installed packages."
name = "entrypoints"
optional = false
platform = "*"
python-versions = ">=2.7"
version = "0.2.3"

[package.dependencies]
[package.dependencies.configparser]
python = ">=2.7,<2.8"
version = ">=3.5"

[[package]]
category = "dev"
description = "Python 3.4 Enum backported to 3.3, 3.2, 3.1, 2.7, 2.6, 2.5, and 2.4"
name = "enum34"
optional = false
platform = "UNKNOWN"
python-versions = "*"
version = "1.1.6"

[package.requirements]
python = ">=2.7,<2.8 || >=3.3,<3.4"

[[package]]
category = "main"
description = "A simple framework for building complex web applications."
name = "flask"
optional = false
platform = "any"
python-versions = "*"
version = "1.0.2"

[package.dependencies]
Jinja2 = ">=2.10"
Werkzeug = ">=0.14"
click = ">=5.1"
itsdangerous = ">=0.24"

[[package]]
category = "dev"
description = "Backport of the functools module from Python 3.2.3 for use on 2.7 and PyPy."
name = "functools32"
optional = false
platform = "UNKNOWN"
python-versions = "*"
version = "3.2.3-2"

[package.requirements]
python = ">=2.7,<2.8"

[[package]]
category = "dev"
description = "HTML parser based on the WHATWG HTML specification"
name = "html5lib"
optional = false
platform = "*"
python-versions = "*"
version = "1.0.1"

[package.dependencies]
six = ">=1.9"
webencodings = "*"

[[package]]
category = "main"
description = "Image Hashing library"
name = "imagehash"
optional = false
platform = "*"
python-versions = "*"
version = "4.0"

[package.dependencies]
numpy = "*"
pillow = "*"
pywavelets = "*"
scipy = "*"
six = "*"

[[package]]
category = "dev"
description = "IPv4/IPv6 manipulation library"
name = "ipaddress"
optional = false
platform = "*"
python-versions = "*"
version = "1.0.22"

[package.requirements]
python = ">=2.7,<2.8"

[[package]]
category = "dev"
description = "IPython Kernel for Jupyter"
name = "ipykernel"
optional = false
platform = "Linux"
python-versions = ">=2.7, !=3.0.*, !=3.1.*, !=3.2.*, !=3.3.*"
version = "4.9.0"

[package.dependencies]
ipython = ">=4.0.0"
jupyter-client = "*"
tornado = ">=4.0"
traitlets = ">=4.1.0"

[[package]]
category = "dev"
description = "IPython: Productive Interactive Computing"
name = "ipython"
optional = false
platform = "Linux"
python-versions = ">=3.3"
version = "6.5.0"

[package.dependencies]
backcall = "*"
decorator = "*"
jedi = ">=0.10"
pickleshare = "*"
prompt-toolkit = ">=1.0.15,<2.0.0"
pygments = "*"
setuptools = ">=18.5"
simplegeneric = ">0.8"
traitlets = ">=4.2"

[package.dependencies.appnope]
platform = "darwin"
version = "*"

[package.dependencies.colorama]
platform = "win32"
version = "*"

[package.dependencies.pathlib2]
python = ">=3.3,<3.4"
version = "*"

[package.dependencies.pexpect]
platform = "!=win32"
version = "*"

[package.dependencies.typing]
python = "<=3.4"
version = "*"

[package.dependencies.win-unicode-console]
platform = "win32"
python = "<3.6"
version = ">=0.5"

[[package]]
category = "dev"
description = "Vestigial utilities from IPython"
name = "ipython-genutils"
optional = false
platform = "Linux"
python-versions = "*"
version = "0.2.0"

[[package]]
category = "main"
description = "Various helpers to pass trusted data to untrusted environments and back."
name = "itsdangerous"
optional = false
platform = "UNKNOWN"
python-versions = "*"
version = "0.24"

[[package]]
category = "dev"
description = "An autocompletion tool for Python that can be used for text editors."
name = "jedi"
optional = false
platform = "any"
python-versions = ">=2.7, !=3.0.*, !=3.1.*, !=3.2.*"
version = "0.12.1"

[package.dependencies]
parso = ">=0.3.0"

[[package]]
category = "main"
description = "A small but fast and easy to use stand-alone template engine written in pure python."
name = "jinja2"
optional = false
platform = "*"
python-versions = "*"
version = "2.10"

[package.dependencies]
MarkupSafe = ">=0.23"

[[package]]
category = "dev"
description = "An implementation of JSON Schema validation for Python"
name = "jsonschema"
optional = false
platform = "*"
python-versions = "*"
version = "2.6.0"

[package.dependencies]
[package.dependencies.functools32]
python = ">=2.7,<2.8"
version = "*"

[[package]]
category = "dev"
description = "Jupyter metapackage. Install all the Jupyter components in one go."
name = "jupyter"
optional = false
platform = "UNKNOWN"
python-versions = "*"
version = "1.0.0"

[[package]]
category = "dev"
description = "Jupyter protocol implementation and client libraries"
name = "jupyter-client"
optional = false
platform = "Linux"
python-versions = ">=2.7, !=3.0.*, !=3.1.*, !=3.2.*"
version = "5.2.3"

[package.dependencies]
jupyter-core = "*"
python-dateutil = ">=2.1"
pyzmq = ">=13"
tornado = ">=4.1"
traitlets = "*"

[[package]]
category = "dev"
description = "Jupyter core package. A base package on which Jupyter projects rely."
name = "jupyter-core"
optional = false
platform = "*"
python-versions = "*"
version = "4.4.0"

[package.dependencies]
traitlets = "*"

[[package]]
category = "dev"
description = "A super-fast templating language that borrows the  best ideas from the existing templating languages."
name = "mako"
optional = false
platform = "*"
python-versions = "*"
version = "1.0.7"

[package.dependencies]
MarkupSafe = ">=0.9.2"

[[package]]
category = "main"
description = "Implements a XML/HTML/XHTML Markup safe string for Python"
name = "markupsafe"
optional = false
platform = "UNKNOWN"
python-versions = "*"
version = "1.0"

[[package]]
category = "dev"
description = "The fastest markdown parser in pure Python"
name = "mistune"
optional = false
platform = "any"
python-versions = "*"
version = "0.8.3"

[[package]]
category = "dev"
description = "Converting Jupyter Notebooks"
name = "nbconvert"
optional = false
platform = "Linux"
python-versions = ">=2.7, !=3.0.*, !=3.1.*, !=3.2.*, !=3.3.*"
version = "5.4.0"

[package.dependencies]
bleach = "*"
defusedxml = "*"
entrypoints = ">=0.2.2"
jinja2 = "*"
jupyter-core = "*"
mistune = ">=0.8.1"
nbformat = ">=4.4"
pandocfilters = ">=1.4.1"
pygments = "*"
testpath = "*"
traitlets = ">=4.2"

[[package]]
category = "dev"
description = "The Jupyter Notebook format"
name = "nbformat"
optional = false
platform = "Linux"
python-versions = "*"
version = "4.4.0"

[package.dependencies]
ipython-genutils = "*"
jsonschema = ">=2.4,<2.5.0 || >2.5.0"
jupyter-core = "*"
traitlets = ">=4.1"

[[package]]
category = "main"
description = "Generate non-repeat filenames, ids and strings"
name = "nonrepeat"
optional = false
platform = "*"
python-versions = "*"
version = "0.1.2"

[[package]]
category = "dev"
description = "A web-based notebook environment for interactive computing"
name = "notebook"
optional = false
platform = "Linux"
python-versions = "*"
version = "5.6.0"

[package.dependencies]
Send2Trash = "*"
ipykernel = "*"
ipython-genutils = "*"
jinja2 = "*"
jupyter-client = ">=5.2.0"
jupyter-core = ">=4.4.0"
nbconvert = "*"
nbformat = "*"
prometheus-client = "*"
pyzmq = ">=17"
terminado = ">=0.8.1"
tornado = ">=4"
traitlets = ">=4.2.1"

[package.dependencies.ipaddress]
python = ">=2.7,<2.8"
version = "*"

[[package]]
category = "main"
description = "NumPy: array processing for numbers, strings, records, and objects."
name = "numpy"
optional = false
platform = "Windows"
python-versions = ">=2.7,!=3.0.*,!=3.1.*,!=3.2.*,!=3.3.*"
version = "1.15.1"

[[package]]
category = "dev"
description = "Utilities for writing pandoc filters in python"
name = "pandocfilters"
optional = false
platform = "*"
python-versions = "*"
version = "1.4.2"

[[package]]
category = "dev"
description = "A Python Parser"
name = "parso"
optional = false
platform = "any"
python-versions = "*"
version = "0.3.1"

[[package]]
category = "dev"
description = "Object-oriented filesystem paths"
name = "pathlib2"
optional = false
platform = "*"
python-versions = "*"
version = "2.3.2"

[package.dependencies]
six = "*"

[package.dependencies.scandir]
python = "<3.5"
version = "*"

[package.requirements]
python = ">=2.6.0,<2.8.0 || >=3.2.0,<3.4.0"

[[package]]
category = "dev"
description = "Pexpect allows easy control of interactive console applications."
name = "pexpect"
optional = false
platform = "UNIX"
python-versions = "*"
version = "4.6.0"

[package.dependencies]
ptyprocess = ">=0.5"

[package.requirements]
platform = "!=win32"

[[package]]
category = "dev"
description = "Tiny 'shelve'-like database with concurrency support"
name = "pickleshare"
optional = false
platform = "*"
python-versions = "*"
version = "0.7.4"

[package.dependencies]
[package.dependencies.pathlib2]
python = ">=2.6.0,<2.8.0 || >=3.2.0,<3.4.0"
version = "*"

[[package]]
category = "main"
description = "Python Imaging Library (Fork)"
name = "pillow"
optional = false
platform = "*"
python-versions = ">=2.7, !=3.0.*, !=3.1.*, !=3.2.*, !=3.3.*"
version = "5.2.0"

[[package]]
category = "dev"
description = "Python client for the Prometheus monitoring system."
name = "prometheus-client"
optional = false
platform = "*"
python-versions = "*"
version = "0.3.1"

[[package]]
category = "dev"
description = "Library for building powerful interactive command lines in Python"
name = "prompt-toolkit"
optional = false
platform = "*"
python-versions = "*"
version = "1.0.15"

[package.dependencies]
six = ">=1.9.0"
wcwidth = "*"

[[package]]
category = "dev"
description = "Run a subprocess in a pseudo terminal"
name = "ptyprocess"
optional = false
platform = "*"
python-versions = "*"
version = "0.6.0"

[[package]]
category = "dev"
description = "Pygments is a syntax highlighting package written in Python."
name = "pygments"
optional = false
platform = "any"
python-versions = "*"
version = "2.2.0"

[[package]]
category = "dev"
description = "Extensions to the standard Python datetime module"
name = "python-dateutil"
optional = false
platform = "*"
python-versions = ">=2.7, !=3.0.*, !=3.1.*, !=3.2.*"
version = "2.7.3"

[package.dependencies]
six = ">=1.5"

[[package]]
category = "dev"
description = "Programmatically open an editor, capture the result."
name = "python-editor"
optional = false
platform = "*"
python-versions = "*"
version = "1.0.3"

[[package]]
category = "main"
description = "A Python Slugify application that handles Unicode"
name = "python-slugify"
optional = false
platform = "*"
python-versions = "*"
version = "1.2.6"

[package.dependencies]
Unidecode = ">=0.04.16"

[[package]]
category = "main"
description = "PyWavelets, wavelet transform module"
name = "pywavelets"
optional = false
platform = "Windows"
python-versions = "*"
version = "1.0.0"

[package.dependencies]
numpy = ">=1.9.1"

[[package]]
category = "dev"
description = "Python bindings for the winpty library"
name = "pywinpty"
optional = false
platform = "*"
python-versions = "*"
version = "0.5.4"

[package.dependencies]
[package.dependencies."backports.shutil-which"]
python = "<3.0"
version = "*"

[[package]]
category = "dev"
description = "Python bindings for 0MQ"
name = "pyzmq"
optional = false
platform = "*"
python-versions = ">=2.7,!=3.0*,!=3.1*,!=3.2*"
version = "17.1.2"

[[package]]
category = "dev"
description = "scandir, a better directory iterator and faster os.walk()"
name = "scandir"
optional = false
platform = "*"
python-versions = "*"
version = "1.9.0"

[package.requirements]
python = ">=2.6.0,<2.8.0 || >=3.2.0,<3.4.0"

[[package]]
category = "main"
description = "SciPy: Scientific Library for Python"
name = "scipy"
optional = false
platform = "Windows"
python-versions = ">=2.7,!=3.0.*,!=3.1.*,!=3.2.*,!=3.3.*"
version = "1.1.0"

[package.dependencies]
numpy = ">=1.8.2"

[[package]]
category = "main"
description = "Send file to trash natively under Mac OS X, Windows and Linux."
name = "send2trash"
optional = false
platform = "*"
python-versions = "*"
version = "1.5.0"

[[package]]
category = "dev"
description = "Simple generic functions (similar to Python's own len(), pickle.dump(), etc.)"
name = "simplegeneric"
optional = false
platform = "UNKNOWN"
python-versions = "*"
version = "0.8.1"

[[package]]
category = "main"
description = "Python 2 and 3 compatibility utilities"
name = "six"
optional = false
platform = "*"
python-versions = "*"
version = "1.11.0"

[[package]]
category = "main"
description = "Database Abstraction Library"
name = "sqlalchemy"
optional = false
platform = "*"
python-versions = "*"
version = "1.2.11"

[[package]]
category = "main"
description = "Versioning and auditing extension for SQLAlchemy."
name = "sqlalchemy-continuum"
optional = false
platform = "any"
python-versions = "*"
version = "1.3.6"

[package.dependencies]
SQLAlchemy = ">=1.0.8"
SQLAlchemy-Utils = ">=0.30.12"

[[package]]
category = "main"
description = "Various utility functions for SQLAlchemy."
name = "sqlalchemy-utils"
optional = false
platform = "any"
python-versions = "*"
version = "0.33.4"

[package.dependencies]
SQLAlchemy = ">=1.0"
six = "*"

[[package]]
category = "dev"
description = "Terminals served to xterm.js using Tornado websockets"
name = "terminado"
optional = false
platform = "*"
python-versions = "*"
version = "0.8.1"

[package.dependencies]
ptyprocess = "*"
pywinpty = ">=0.5"
tornado = ">=4"

[[package]]
category = "dev"
description = "Test utilities for code working with files and commands"
name = "testpath"
optional = false
platform = "*"
python-versions = "*"
version = "0.3.1"

[[package]]
category = "dev"
description = "TinyDB is a tiny, document oriented database optimized for your happiness :)"
name = "tinydb"
optional = false
platform = "*"
python-versions = "*"
version = "3.11.1"

[[package]]
category = "dev"
description = "Tornado is a Python web framework and asynchronous networking library, originally developed at FriendFeed."
name = "tornado"
optional = false
platform = "*"
python-versions = ">= 2.7, !=3.0.*, !=3.1.*, !=3.2.*, != 3.3.*"
version = "5.1.1"

[[package]]
category = "dev"
description = "Traitlets Python config system"
name = "traitlets"
optional = false
platform = "Linux,Mac OS X,Windows"
python-versions = "*"
version = "4.3.2"

[package.dependencies]
decorator = "*"
ipython-genutils = "*"
six = "*"

[package.dependencies.enum34]
python = ">=2.7,<2.8 || >=3.3,<3.4"
version = "*"

[[package]]
category = "dev"
description = "Type Hints for Python"
name = "typing"
optional = false
platform = "*"
python-versions = "*"
version = "3.6.6"

[package.requirements]
python = "<=3.4"

[[package]]
category = "main"
description = "ASCII transliterations of Unicode text"
name = "unidecode"
optional = false
platform = "*"
python-versions = "*"
version = "1.0.22"

[[package]]
category = "dev"
description = "Measures number of Terminal column cells of wide-character codes"
name = "wcwidth"
optional = false
platform = "UNKNOWN"
python-versions = "*"
version = "0.1.7"

[[package]]
category = "dev"
description = "Character encoding aliases for legacy web content"
name = "webencodings"
optional = false
platform = "*"
python-versions = "*"
version = "0.5.1"

[[package]]
category = "main"
description = "The comprehensive WSGI web application library."
name = "werkzeug"
optional = false
platform = "any"
python-versions = "*"
version = "0.14.1"

[[package]]
category = "dev"
description = "Enable Unicode input and display when running Python from Windows console."
name = "win-unicode-console"
optional = false
platform = "UNKNOWN"
python-versions = "*"
version = "0.5"

[package.requirements]
platform = "win32"
python = "<3.6"

[metadata]
content-hash = "0ab9aaffa9578f9b1388ae9d402b1e56240d5a0d919a304029297128678f49d1"
platform = "*"
python-versions = "*"

[metadata.hashes]
alembic = ["52d73b1d750f1414fa90c25a08da47b87de1e4ad883935718a8f36396e19e78e", "eb7db9b4510562ec37c91d00b00d95fde076c1030d3f661aea882eec532b3565"]
appnope = ["5b26757dc6f79a3b7dc9fab95359328d5747fcb2409d331ea66d0272b90ab2a0", "8b995ffe925347a2138d7ac0fe77155e4311a0ea6d6da4f5128fe4b3cbe5ed71"]
backcall = ["38ecd85be2c1e78f77fd91700c76e14667dc21e2713b63876c0eb901196e01e4", "bbbf4b1e5cd2bdb08f915895b51081c041bac22394fdfcfdfbe9f14b77c08bf2"]
"backports.shutil-which" = ["ce71e4040360e239d142e73d28d592f1951cdff4330db6616efcb43d1abe6ad4", "dd439a7b02433e47968c25a45a76704201c4ef2167deb49830281c379b1a4a9b"]
bleach = ["0ee95f6167129859c5dce9b1ca291ebdb5d8cd7e382ca0e237dfd0dad63f63d8", "24754b9a7d530bf30ce7cbc805bc6cce785660b4a10ff3a43633728438c105ab"]
click = ["29f99fc6125fbc931b758dc053b3114e55c77a6e4c6c3a2674a2dc986016381d", "f15516df478d5a56180fbf80e68f206010e6d160fc39fa508b65e035fd75130b"]
colorama = ["463f8483208e921368c9f306094eb6f725c6ca42b0f97e313cb5d5512459feda", "48eb22f4f8461b1df5734a074b57042430fb06e1d61bd1e11b078c0fe6d7a1f1"]
configparser = ["5308b47021bc2340965c371f0f058cc6971a04502638d4244225c49d80db273a"]
decorator = ["2c51dff8ef3c447388fe5e4453d24a2bf128d3a4c32af3fabef1f01c6851ab82", "c39efa13fbdeb4506c476c9b3babf6a718da943dab7811c206005a4a956c080c"]
defusedxml = ["24d7f2f94f7f3cb6061acb215685e5125fbcdc40a857eff9de22518820b0a4f4", "702a91ade2968a82beb0db1e0766a6a273f33d4616a6ce8cde475d8e09853b20"]
entrypoints = ["10ad569bb245e7e2ba425285b9fa3e8178a0dc92fc53b1e1c553805e15a8825b", "d2d587dde06f99545fb13a383d2cd336a8ff1f359c5839ce3a64c917d10c029f"]
enum34 = ["2d81cbbe0e73112bdfe6ef8576f2238f2ba27dd0d55752a776c41d38b7da2850", "644837f692e5f550741432dd3f223bbb9852018674981b1664e5dc339387588a", "6bd0f6ad48ec2aa117d3d141940d484deccda84d4fcd884f5c3d93c23ecd8c79", "8ad8c4783bf61ded74527bffb48ed9b54166685e4230386a9ed9b1279e2df5b1"]
flask = ["2271c0070dbcb5275fad4a82e29f23ab92682dc45f9dfbc22c02ba9b9322ce48", "a080b744b7e345ccfcbc77954861cb05b3c63786e93f2b3875e0913d44b43f05"]
functools32 = ["89d824aa6c358c421a234d7f9ee0bd75933a67c29588ce50aaa3acdf4d403fa0", "f6253dfbe0538ad2e387bd8fdfd9293c925d63553f5813c4e587745416501e6d"]
html5lib = ["20b159aa3badc9d5ee8f5c647e5efd02ed2a66ab8d354930bd9ff139fc1dc0a3", "66cb0dcfdbbc4f9c3ba1a63fdb511ffdbd4f513b2b6d81b80cd26ce6b3fb3736"]
imagehash = ["7aedf61dc17e7da2986a61d06ded48e10cd4530d5ed876471608b85c9b48a4f0", "d6c1e4887f622f97833d78f68b4f7fff46e26802c331a6868ff0198edccec902", "d7d95534e32e7b9c949029cf9f8383f50fbc3f2246d030da9cd277a8a99d23a3", "f50b2427fc54b87ac7e73d7ba9e7a876a77384645563f225eed1d82e628d07fa"]
ipaddress = ["64b28eec5e78e7510698f6d4da08800a5c575caa4a286c93d651c5d3ff7b6794", "b146c751ea45cad6188dd6cf2d9b757f6f4f8d6ffb96a023e6f2e26eea02a72c"]
ipykernel = ["00d88b7e628e4e893359119b894451611214bce09776a3bf8248fe42cb48ada6", "a706b975376efef98b70e10cd167ab9506cf08a689d689a3c7daf344c15040f6", "c5a498c70f7765c34f3397cf943b069057f5bef4e0218e4cfbb733e9f38fa5fa"]
ipython = ["007dcd929c14631f83daff35df0147ea51d1af420da303fd078343878bd5fb62", "b0f2ef9eada4a68ef63ee10b6dde4f35c840035c50fd24265f8052c98947d5a4"]
ipython-genutils = ["72dd37233799e619666c9f639a9da83c34013a73e8bbc79a7a6348d93c61fab8", "eb2e116e75ecef9d4d228fdc66af54269afa26ab4463042e33785b887c628ba8"]
itsdangerous = ["cbb3fcf8d3e33df861709ecaf89d9e6629cff0a217bc2848f1b41cd30d360519"]
jedi = ["b409ed0f6913a701ed474a614a3bb46e6953639033e31f769ca7581da5bd1ec1", "c254b135fb39ad76e78d4d8f92765ebc9bf92cbc76f49e97ade1d5f5121e1f6f"]
jinja2 = ["74c935a1b8bb9a3947c50a54766a969d4846290e1e788ea44c1392163723c3bd", "f84be1bb0040caca4cea721fcbbbbd61f9be9464ca236387158b0feea01914a4"]
jsonschema = ["000e68abd33c972a5248544925a0cae7d1125f9bf6c58280d37546b946769a08", "6ff5f3180870836cae40f06fa10419f557208175f13ad7bc26caa77beb1f6e02"]
jupyter = ["3e1f86076bbb7c8c207829390305a2b1fe836d471ed54be66a3b8c41e7f46cc7", "5b290f93b98ffbc21c0c7e749f054b3267782166d72fa5e3ed1ed4eaf34a2b78", "d9dc4b3318f310e34c82951ea5d6683f67bed7def4b259fafbfe4f1beb1d8e5f"]
jupyter-client = ["27befcf0446b01e29853014d6a902dd101ad7d7f94e2252b1adca17c3466b761", "59e6d791e22a8002ad0e80b78c6fd6deecab4f9e1b1aa1a22f4213de271b29ea"]
jupyter-core = ["927d713ffa616ea11972534411544589976b2493fc7e09ad946e010aa7eb9970", "ba70754aa680300306c699790128f6fbd8c306ee5927976cbe48adacf240c0b7"]
mako = ["4e02fde57bd4abb5ec400181e4c314f56ac3e49ba4fb8b0d50bba18cb27d25ae"]
markupsafe = ["a6be69091dac236ea9c6bc7d012beab42010fa914c459791d627dad4910eb665"]
mistune = ["b4c512ce2fc99e5a62eb95a4aba4b73e5f90264115c40b70a21e1f7d4e0eac91", "bc10c33bfdcaa4e749b779f62f60d6e12f8215c46a292d05e486b869ae306619"]
nbconvert = ["08d21cf4203fabafd0d09bbd63f06131b411db8ebeede34b0fd4be4548351779", "a8a2749f972592aa9250db975304af6b7337f32337e523a2c995cc9e12c07807"]
nbformat = ["b9a0dbdbd45bb034f4f8893cafd6f652ea08c8c1674ba83f2dc55d3955743b0b", "f7494ef0df60766b7cabe0a3651556345a963b74dbc16bc7c18479041170d402"]
nonrepeat = ["0fdf9eb24962e7f3e4e106192792f88b612c6b8a52c185ce36fed60699bfd68a", "8d0a9137866a9b2d9651311a789ddbe9273d2eb808bc00e2166733f33665f35f"]
notebook = ["66dd59e76e755584ae9450eb015c39f55d4bb1d8ec68f2c694d2b3cba7bf5c7e", "e2c8e931cc19db4f8c63e6a396efbc13a228b2cb5b2919df011b946f28239a08"]
numpy = ["1c362ad12dd09a43b348bb28dd2295dd9cdf77f41f0f45965e04ba97f525b864", "2156a06bd407918df4ac0122df6497a9c137432118f585e5b17d543e593d1587", "24e4149c38489b51fc774b1e1faa9103e82f73344d7a00ba66f6845ab4769f3f", "340ec1697d9bb3a9c464028af7a54245298502e91178bddb4c37626d36e197b7", "35db8d419345caa4eeaa65cd63f34a15208acd87530a30f0bc25fc84f55c8c80", "361370e9b7f5e44c41eee29f2bb5cb3b755abb4b038bce6d6cbe08db7ff9cb74", "36e8dcd1813ca92ce7e4299120cee6c03adad33d89b54862c1b1a100443ac399", "378378973546ecc1dfaf9e24c160d683dd04df871ecd2dcc86ce658ca20f92c0", "419e6faee16097124ee627ed31572c7e80a1070efa25260b78097cca240e219a", "4287104c24e6a09b9b418761a1e7b1bbde65105f110690ca46a23600a3c606b8", "549f3e9778b148a47f4fb4682955ed88057eb627c9fe5467f33507c536deda9d", "5e359e9c531075220785603e5966eef20ccae9b3b6b8a06fdfb66c084361ce92", "5ee7f3dbbdba0da75dec7e94bd7a2b10fe57a83e1b38e678200a6ad8e7b14fdc", "62d55e96ec7b117d3d5e618c15efcf769e70a6effaee5842857b64fb4883887a", "719b6789acb2bc86ea9b33a701d7c43dc2fc56d95107fd3c5b0a8230164d4dfb", "7a70f2b60d48828cba94a54a8776b61a9c2657a803d47f5785f8062e3a9c7c55", "7b9e37f194f8bcdca8e9e6af92e2cbad79e360542effc2dd6b98d63955d8d8a3", "83b8fc18261b70f45bece2d392537c93dc81eb6c539a16c9ac994c47fc79f09a", "9473ad28375710ab18378e72b59422399b27e957e9339c413bf00793b4b12df0", "95b085b253080e5d09f7826f5e27dce067bae813a132023a77b739614a29de6e", "98b86c62c08c2e5dc98a9c856d4a95329d11b1c6058cb9b5191d5ea6891acd09", "a3bd01d6d3ed3d7c06d7f9979ba5d68281f15383fafd53b81aa44b9191047cf8", "c81a6afc1d2531a9ada50b58f8c36197f8418ef3d0611d4c1d7af93fdcda764f", "ce75ed495a746e3e78cfa22a77096b3bff2eda995616cb7a542047f233091268", "dae8618c0bcbfcf6cf91350f8abcdd84158323711566a8c5892b5c7f832af76f", "df0b02c6705c5d1c25cc35c7b5d6b6f9b3b30833f9d178843397ae55ecc2eebb", "e3660744cda0d94b90141cdd0db9308b958a372cfeee8d7188fdf5ad9108ea82", "f2362d0ca3e16c37782c1054d7972b8ad2729169567e3f0f4e5dd3cdf85f188e"]
pandocfilters = ["b3dd70e169bb5449e6bc6ff96aea89c5eea8c5f6ab5e207fc2f521a2cf4a0da9"]
parso = ["35704a43a3c113cce4de228ddb39aab374b8004f4f2407d070b6a2ca784ce8a2", "895c63e93b94ac1e1690f5fdd40b65f07c8171e3e53cbd7793b5b96c0e0a7f24"]
pathlib2 = ["8eb170f8d0d61825e09a95b38be068299ddeda82f35e96c3301a8a5e7604cb83", "d1aa2a11ba7b8f7b21ab852b1fb5afb277e1bb99d5dfc663380b5015c0d80c5a"]
pexpect = ["2a8e88259839571d1251d278476f3eec5db26deb73a70be5ed5dc5435e418aba", "3fbd41d4caf27fa4a377bfd16fef87271099463e6fa73e92a52f92dfee5d425b"]
pickleshare = ["84a9257227dfdd6fe1b4be1319096c20eb85ff1e82c7932f36efccfe1b09737b", "c9a2541f25aeabc070f12f452e1f2a8eae2abd51e1cd19e8430402bdf4c1d8b5"]
pillow = ["00def5b638994f888d1058e4d17c86dec8e1113c3741a0a8a659039aec59a83a", "026449b64e559226cdb8e6d8c931b5965d8fc90ec18ebbb0baa04c5b36503c72", "03dbb224ee196ef30ed2156d41b579143e1efeb422974719a5392fc035e4f574", "03eb0e04f929c102ae24bc436bf1c0c60a4e63b07ebd388e84d8b219df3e6acd", "087b0551ce2d19b3f092f2b5f071a065f7379e748867d070b29999cc83db15e3", "091a0656688d85fd6e10f49a73fa3ab9b37dbfcb2151f5a3ab17f8b879f467ee", "0f3e2d0a9966161b7dfd06d147f901d72c3a88ea1a833359b92193b8e1f68e1c", "114398d0e073b93e1d7da5b5ab92ff4b83c0180625c8031911425e51f4365d2e", "1be66b9a89e367e7d20d6cae419794997921fe105090fafd86ef39e20a3baab2", "1c5e93c40d4ce8cb133d3b105a869be6fa767e703f6eb1003eb4b90583e08a59", "1e977a3ed998a599bda5021fb2c2889060617627d3ae228297a529a082a3cd5c", "22cf3406d135cfcc13ec6228ade774c8461e125c940e80455f500638429be273", "24adccf1e834f82718c7fc8e3ec1093738da95144b8b1e44c99d5fc7d3e9c554", "2a3e362c97a5e6a259ee9cd66553292a1f8928a5bdfa3622fdb1501570834612", "3518f9fc666cbc58a5c1f48a6a23e9e6ceef69665eab43cdad5144de9383e72c", "3709339f4619e8c9b00f53079e40b964f43c5af61fb89a923fe24437167298bb", "3832e26ecbc9d8a500821e3a1d3765bda99d04ae29ffbb2efba49f5f788dc934", "452d159024faf37cc080537df308e8fa0026076eb38eb75185d96ed9642bd6d7", "4fd1f0c2dc02aaec729d91c92cd85a2df0289d88e9f68d1e8faba750bb9c4786", "4fda62030f2c515b6e2e673c57caa55cb04026a81968f3128aae10fc28e5cc27", "5044d75a68b49ce36a813c82d8201384207112d5d81643937fc758c05302f05b", "522184556921512ec484cb93bd84e0bab915d0ac5a372d49571c241a7f73db62", "5914cff11f3e920626da48e564be6818831713a3087586302444b9c70e8552d9", "653d48fe46378f40e3c2b892be88d8440efbb2c9df78559da44c63ad5ecb4142", "6661a7908d68c4a133e03dac8178287aa20a99f841ea90beeb98a233ae3fd710", "6735a7e560df6f0deb78246a6fe056cf2ae392ba2dc060ea8a6f2535aec924f1", "6d26a475a19cb294225738f5c974b3a24599438a67a30ed2d25638f012668026", "791f07fe13937e65285f9ef30664ddf0e10a0230bdb236751fa0ca67725740dd", "79258a8df3e309a54c7ef2ef4a59bb8e28f7e4a8992a3ad17c24b1889ced44f3", "7d74c20b8f1c3e99d3f781d3b8ff5abfefdd7363d61e23bdeba9992ff32cc4b4", "81918afeafc16ba5d9d0d4e9445905f21aac969a4ebb6f2bff4b9886da100f4b", "8194d913ca1f459377c8a4ed8f9b7ad750068b8e0e3f3f9c6963fcc87a84515f", "84d5d31200b11b3c76fab853b89ac898bf2d05c8b3da07c1fcc23feb06359d6e", "989981db57abffb52026b114c9a1f114c7142860a6d30a352d28f8cbf186500b", "a3d7511d3fad1618a82299aab71a5fceee5c015653a77ffea75ced9ef917e71a", "a4a6ac01b8c2f9d2d83719f193e6dea493e18445ce5bfd743d739174daa974d9", "acb90eb6c7ed6526551a78211d84c81e33082a35642ff5fe57489abc14e6bf6e", "b3ef168d4d6fd4fa6685aef7c91400f59f7ab1c0da734541f7031699741fb23f", "c1c5792b6e74bbf2af0f8e892272c2a6c48efa895903211f11b8342e03129fea", "c5dcb5a56aebb8a8f2585042b2f5c496d7624f0bcfe248f0cc33ceb2fd8d39e7", "d16f90810106822833a19bdb24c7cb766959acf791ca0edf5edfec674d55c8ee", "dcdc9cd9880027688007ff8f7c8e7ae6f24e81fae33bfd18d1e691e7bda4855f", "e2807aad4565d8de15391a9548f97818a14ef32624015c7bf3095171e314445e", "e2bed4a04e2ca1050bb5f00865cf2f83c0b92fd62454d9244f690fcd842e27a4", "e87a527c06319428007e8c30511e1f0ce035cb7f14bb4793b003ed532c3b9333", "ebcfc33a6c34984086451e230253bc33727bd17b4cdc4b39ec03032c3a6fc9e9", "f63e420180cbe22ff6e32558b612e75f50616fc111c5e095a4631946c782e109", "f7717eb360d40e7598c30cc44b33d98f79c468d9279379b66c1e28c568e0bf47", "f8582e1ab155302ea9ef1235441a0214919f4f79c4c7c21833ce9eec58181781", "f8b3d413c5a8f84b12cd4c5df1d8e211777c9852c6be3ee9c094b626644d3eab"]
prometheus-client = ["17bc24c09431644f7c65d7bce9f4237252308070b6395d6d8e87767afe867e24"]
prompt-toolkit = ["1df952620eccb399c53ebb359cc7d9a8d3a9538cb34c5a1344bdbeb29fbcc381", "3f473ae040ddaa52b52f97f6b4a493cfa9f5920c255a12dc56a7d34397a398a4", "858588f1983ca497f1cf4ffde01d978a3ea02b01c8a26a8bbc5cd2e66d816917"]
ptyprocess = ["923f299cc5ad920c68f2bc0bc98b75b9f838b93b599941a6b63ddbc2476394c0", "d7cc528d76e76342423ca640335bd3633420dc1366f258cb31d05e865ef5ca1f"]
pygments = ["78f3f434bcc5d6ee09020f92ba487f95ba50f1e3ef83ae96b9d5ffa1bab25c5d", "dbae1046def0efb574852fab9e90209b23f556367b5a320c0bcb871c77c3e8cc"]
python-dateutil = ["1adb80e7a782c12e52ef9a8182bebeb73f1d7e24e374397af06fb4956c8dc5c0", "e27001de32f627c22380a688bcc43ce83504a7bc5da472209b4c70f02829f0b8"]
python-editor = ["a3c066acee22a1c94f63938341d4fb374e3fdd69366ed6603d7b24bed1efc565"]
python-slugify = ["7723daf30996db26573176bddcdf5fcb98f66dc70df05c9cb29f2c79b8193245"]
pywavelets = ["02b4e2c4fbeb9391a8aa0fc11fe8dcb75513e6e9b9bb7006bf161b3c79e4c2f7", "0f08d9a00a2980f2e70bce016323af22c8fc0b6b1ee908497bff3d24c89014bf", "13f82376850e7d96f51f01d5bba4ca4ac7faee18a7660f452b0ad882d158398d", "1843bba99e6676c4b9f3e7551893424f82f28a2040082a0f4e435241ede0290d", "2dc618cae9dcb8502c726169c783af9a115d891d50d309b4221d3b14d3bf183c", "3b9348a2f744e40dcf80cb350d52acd0f7a0750f28d46fb004f81e189b0c250d", "3c0082b66dbd9200acd955e58b56e73695df71c1eead3aa0d3b3ec929fe17470", "42a7acfc23eeea7ddb2b958ae9c368bb68e85e6021f171c92294a8dfe04fc90a", "64bf9a3e4d9aec882f7a5a6c53be0e6bd19bffe455f019099dec3f1364d30c10", "655634f86dcd71c995955974c99c7216f79decd1986afeac1362584196f3e3d6", "68d63aab066f3cb325ee13aa355e8f2e48f8bba225dd93fc2f33d99e4419e872", "805fcb6e8a5e6822fb26e8b8a75a05f647e7cbba3ebd9f4c21d77f937e7d2e17", "87d38acd6cd579c86bddd9b76da67ab92583a2b3e1610bdd0ecaeb617b5d4867", "96f4ac6f01b0a8720e59fb1943b27d1e72af31395e3ba46d62bba34fb2e6dea8", "97582bbc55c7bd5fb84271cd2534c0b930c0da9b596921989e35bbe69961880d", "aca08fce722f3a2577bd836f65f7a3a726329a519c58ed157d880b435b384784", "b071fe8807492528e72a9b84fbd697eeb751224037e98caec44e3b272197729c", "b40ae67503d8a5811bede8d1e20ca610127469555fe0e74065ee19cbef54511c", "b9ea9899f1fdacc26adb9d200fb8ee1061636b2398a712a74e6c06d99f8f5ea0", "c75424279918671b717efb438d000533a20c0678f3a27b66273d16018c135dfb", "c9b2aeb46f2eda852bc04330a2c1dae908728bccfed7d17bf852145dfbd96267", "cdf7a3d8fc846d318d2ffa50c800f52a84cb7225c2b1ef7a7426f16be8056eec", "e1749202bb96b021ea196fb58aa5e6ef8d66b76de8c2c8c956daa2eade85ae68", "f6bc5116c4be1b436e2259dec3159bbcc48f29fd3a51cb2f173f26b914138fbe", "f839625818a8752b233be605f4e19da5bb2501d1077c2ac9588c4346ca1663ed"]
pywinpty = ["349eef36414b038426e65d96ecccfa581c437562cc164fb4faffe6f46963bc80", "4617637c38ae9099a99f73d8dbeb9c752743693bd1dca6ea3b1d520a7248ebf3", "4ee8193b19d77ab59097a000a2c52b36e768e92263812e0c0b40306be8927fb4", "4f6c850db79dd19b1d842d81a8c08fd7efad5e160a1effbba10ba738a5a35cb2", "4fd720b20bb69f1b7ca2060e84503ae843972fcb006ae6e8ddd6ab212fe8911c", "79f2b4584111e36826e587d33eb4e7416a12ae1d6c094cb554e873c5c162fa5f", "87ae1a2301fbce7a3005dac7cdf8ce8a4162f05130348234b87caef260771e96"]
pyzmq = ["25a0715c8f69cf72f67cfe5a68a3f3ed391c67c063d2257bec0fe7fc2c7f08f8", "2bab63759632c6b9e0d5bf19cc63c3b01df267d660e0abcf230cf0afaa966349", "30ab49d99b24bf0908ebe1cdfa421720bfab6f93174e4883075b7ff38cc555ba", "32c7ca9fc547a91e3c26fc6080b6982e46e79819e706eb414dd78f635a65d946", "41219ae72b3cc86d97557fe5b1ef5d1adc1057292ec597b50050874a970a39cf", "4b8c48a9a13cea8f1f16622f9bd46127108af14cd26150461e3eab71e0de3e46", "55724997b4a929c0d01b43c95051318e26ddbae23565018e138ae2dc60187e59", "65f0a4afae59d4fc0aad54a917ab599162613a761b760ba167d66cc646ac3786", "6f88591a8b246f5c285ee6ce5c1bf4f6bd8464b7f090b1333a446b6240a68d40", "75022a4c60dcd8765bb9ca32f6de75a0ec83b0d96e0309dc479f4c7b21f26cb7", "76ea493bfab18dcb090d825f3662b5612e2def73dffc196d51a5194b0294a81d", "7b60c045b80709e4e3c085bab9b691e71761b44c2b42dbb047b8b498e7bc16b3", "8e6af2f736734aef8ed6f278f9f552ec7f37b1a6b98e59b887484a840757f67d", "9ac2298e486524331e26390eac14e4627effd3f8e001d4266ed9d8f1d2d31cce", "9ba650f493a9bc1f24feca1d90fce0e5dd41088a252ac9840131dfbdbf3815ca", "a02a4a385e394e46012dc83d2e8fd6523f039bb52997c1c34a2e0dd49ed839c1", "a3ceee84114d9f5711fa0f4db9c652af0e4636c89eabc9b7f03a3882569dd1ed", "a72b82ac1910f2cf61a49139f4974f994984475f771b0faa730839607eeedddf", "ab136ac51027e7c484c53138a0fab4a8a51e80d05162eb7b1585583bcfdbad27", "c095b224300bcac61e6c445e27f9046981b1ac20d891b2f1714da89d34c637c8", "c5cc52d16c06dc2521340d69adda78a8e1031705924e103c0eb8fc8af861d810", "d612e9833a89e8177f8c1dc68d7b4ff98d3186cd331acd616b01bbdab67d3a7b", "e828376a23c66c6fe90dcea24b4b72cd774f555a6ee94081670872918df87a19", "e9767c7ab2eb552796440168d5c6e23a99ecaade08dda16266d43ad461730192", "ebf8b800d42d217e4710d1582b0c8bff20cdcb4faad7c7213e52644034300924"]
scandir = ["04b8adb105f2ed313a7c2ef0f1cf7aff4871aa7a1883fa4d8c44b5551ab052d6", "1444134990356c81d12f30e4b311379acfbbcd03e0bab591de2696a3b126d58e", "1b5c314e39f596875e5a95dd81af03730b338c277c54a454226978d5ba95dbb6", "346619f72eb0ddc4cf355ceffd225fa52506c92a2ff05318cfabd02a144e7c4e", "44975e209c4827fc18a3486f257154d34ec6eaec0f90fef0cca1caa482db7064", "61859fd7e40b8c71e609c202db5b0c1dbec0d5c7f1449dec2245575bdc866792", "a5e232a0bf188362fa00123cc0bb842d363a292de7126126df5527b6a369586a", "c14701409f311e7a9b7ec8e337f0815baf7ac95776cc78b419a1e6d49889a383", "c7708f29d843fc2764310732e41f0ce27feadde453261859ec0fca7865dfc41b", "c9009c527929f6e25604aec39b0a43c3f831d2947d89d6caaab22f057b7055c8", "f5c71e29b4e2af7ccdc03a020c626ede51da471173b4a6ad1e904f2b2e04b4bd"]
scipy = ["0611ee97296265af4a21164a5323f8c1b4e8e15c582d3dfa7610825900136bb7", "08237eda23fd8e4e54838258b124f1cd141379a5f281b0a234ca99b38918c07a", "0e645dbfc03f279e1946cf07c9c754c2a1859cb4a41c5f70b25f6b3a586b6dbd", "0e9bb7efe5f051ea7212555b290e784b82f21ffd0f655405ac4f87e288b730b3", "108c16640849e5827e7d51023efb3bd79244098c3f21e4897a1007720cb7ce37", "340ef70f5b0f4e2b4b43c8c8061165911bc6b2ad16f8de85d9774545e2c47463", "3ad73dfc6f82e494195144bd3a129c7241e761179b7cb5c07b9a0ede99c686f3", "3b243c77a822cd034dad53058d7c2abf80062aa6f4a32e9799c95d6391558631", "404a00314e85eca9d46b80929571b938e97a143b4f2ddc2b2b3c91a4c4ead9c5", "423b3ff76957d29d1cce1bc0d62ebaf9a3fdfaf62344e3fdec14619bb7b5ad3a", "42d9149a2fff7affdd352d157fa5717033767857c11bd55aa4a519a44343dfef", "625f25a6b7d795e8830cb70439453c9f163e6870e710ec99eba5722775b318f3", "698c6409da58686f2df3d6f815491fd5b4c2de6817a45379517c92366eea208f", "729f8f8363d32cebcb946de278324ab43d28096f36593be6281ca1ee86ce6559", "8190770146a4c8ed5d330d5b5ad1c76251c63349d25c96b3094875b930c44692", "878352408424dffaa695ffedf2f9f92844e116686923ed9aa8626fc30d32cfd1", "8b984f0821577d889f3c7ca8445564175fb4ac7c7f9659b7c60bef95b2b70e76", "8f841bbc21d3dad2111a94c490fb0a591b8612ffea86b8e5571746ae76a3deac", "c22b27371b3866c92796e5d7907e914f0e58a36d3222c5d436ddd3f0e354227a", "d0cdd5658b49a722783b8b4f61a6f1f9c75042d0e29a30ccb6cacc9b25f6d9e2", "d40dc7f494b06dcee0d303e51a00451b2da6119acbeaccf8369f2d29e28917ac", "d8491d4784aceb1f100ddb8e31239c54e4afab8d607928a9f7ef2469ec35ae01", "dfc5080c38dde3f43d8fbb9c0539a7839683475226cf83e4b24363b227dfe552", "e24e22c8d98d3c704bb3410bce9b69e122a8de487ad3dbfe9985d154e5c03a40", "e7a01e53163818d56eabddcafdc2090e9daba178aad05516b20c6591c4811020", "ee677635393414930541a096fc8e61634304bb0153e4e02b75685b11eba14cae", "f0521af1b722265d824d6ad055acfe9bd3341765735c44b5a4d0069e189a0f40", "f25c281f12c0da726c6ed00535ca5d1622ec755c30a3f8eafef26cf43fede694"]
send2trash = ["60001cc07d707fe247c94f74ca6ac0d3255aabcb930529690897ca2a39db28b2", "f1691922577b6fa12821234aeb57599d887c4900b9ca537948d2dac34aea888b"]
simplegeneric = ["dc972e06094b9af5b855b3df4a646395e43d1c9d0d39ed345b7393560d0b9173"]
six = ["70e8a77beed4562e7f14fe23a786b54f6296e34344c23bc42f07b15018ff98e9", "832dc0e10feb1aa2c68dcc57dbb658f1c7e65b9b61af69048abc87a2db00a0eb"]
sqlalchemy = ["ef6569ad403520ee13e180e1bfd6ed71a0254192a934ec1dbd3dbf48f4aa9524"]
sqlalchemy-continuum = ["969258e409678d734b4ec12b4e31eca5d4543c75e0d5b3a265f07eefb2adc02d"]
sqlalchemy-utils = ["78823042b1415e69b061c66beebef99ed61b73e75f23453f91977918a68322a3"]
terminado = ["55abf9ade563b8f9be1f34e4233c7b7bde726059947a593322e8a553cc4c067a", "65011551baff97f5414c67018e908110693143cfbaeb16831b743fe7cad8b927"]
testpath = ["039fa6a6c9fd3488f8336d23aebbfead5fa602c4a47d49d83845f55a595ec1b4", "0d5337839c788da5900df70f8e01015aec141aa3fe7936cb0d0a2953f7ac7609"]
tinydb = ["2b3dfb59dfb981bf719773bbf78e10ff2081104fe62793d1c4bdbd6f9c62a843", "643807a7793c6ee358d7d7b548ea0828660bff1899b178307bb862e97df645b1"]
tornado = ["0662d28b1ca9f67108c7e3b77afabfb9c7e87bde174fbda78186ecedc2499a9d", "4e5158d97583502a7e2739951553cbd88a72076f152b4b11b64b9a10c4c49409", "732e836008c708de2e89a31cb2fa6c0e5a70cb60492bee6f1ea1047500feaf7f", "8154ec22c450df4e06b35f131adc4f2f3a12ec85981a203301d310abf580500f", "8e9d728c4579682e837c92fdd98036bd5cdefa1da2aaf6acf26947e6dd0c01c5", "d4b3e5329f572f055b587efc57d29bd051589fb5a43ec8898c77a47ec2fa2bbb", "e5f2585afccbff22390cddac29849df463b252b711aa2ce7c5f3f342a5b3b444"]
traitlets = ["9c4bd2d267b7153df9152698efb1050a5d84982d3384a37b2c1f7723ba3e7835", "c6cb5e6f57c5a9bdaa40fa71ce7b4af30298fbab9ece9815b5d995ab6217c7d9"]
typing = ["4027c5f6127a6267a435201981ba156de91ad0d1d98e9ddc2aa173453453492d", "57dcf675a99b74d64dacf6fba08fb17cf7e3d5fdff53d4a30ea2a5e7e52543d4", "a4c8473ce11a65999c8f59cb093e70686b6c84c98df58c1dae9b3b196089858a"]
unidecode = ["72f49d3729f3d8f5799f710b97c1451c5163102e76d64d20e170aedbbd923582", "8c33dd588e0c9bc22a76eaa0c715a5434851f726131bd44a6c26471746efabf5"]
wcwidth = ["3df37372226d6e63e1b1e1eda15c594bca98a22d33a23832a90998faa96bc65e", "f4ebe71925af7b40a864553f761ed559b43544f8f71746c2d756c7fe788ade7c"]
webencodings = ["a0af1213f3c2226497a97e2b3aa01a7e4bee4f403f95be16fc9acd2947514a78", "b36a1c245f2d304965eb4e0a82848379241dc04b865afcc4aab16748587e1923"]
werkzeug = ["c3fd7a7d41976d9f44db327260e263132466836cef6f91512889ed60ad26557c", "d5da73735293558eb1651ee2fddc4d0dedcfa06538b8813a2e20011583c9e49b"]
win-unicode-console = ["d4142d4d56d46f449d6f00536a73625a871cba040f0bc1a2e305a04578f07d1e"]
